
Microsoft Visual Studio Solution File, Format Version 12.00
# Visual Studio 15
VisualStudioVersion = 15.0.28307.902
MinimumVisualStudioVersion = 10.0.40219.1
Project("{8BC9CEB8-8B4A-11D0-8D11-00A0C91BC942}") = "AES", "AES\AES.vcxproj", "{4164AA65-1EF9-4E69-899B-D1BED776070B}"
EndProject
Project("{FAE04EC0-301F-11D3-BF4B-00C04F79EFBC}") = "Client", "Client\Client.csproj", "{CA50CFC3-44EE-4104-B449-A36AC9E8D143}"
	ProjectSection(ProjectDependencies) = postProject
		{6C1DEC60-D4F1-4F2A-867D-E0AD0D4C794A} = {6C1DEC60-D4F1-4F2A-867D-E0AD0D4C794A}
		{4164AA65-1EF9-4E69-899B-D1BED776070B} = {4164AA65-1EF9-4E69-899B-D1BED776070B}
		{800BA467-9154-4ABE-9327-94363B82772C} = {800BA467-9154-4ABE-9327-94363B82772C}
	EndProjectSection
EndProject
Project("{FAE04EC0-301F-11D3-BF4B-00C04F79EFBC}") = "Server", "Server\Server.csproj", "{6C1DEC60-D4F1-4F2A-867D-E0AD0D4C794A}"
	ProjectSection(ProjectDependencies) = postProject
		{4164AA65-1EF9-4E69-899B-D1BED776070B} = {4164AA65-1EF9-4E69-899B-D1BED776070B}
		{800BA467-9154-4ABE-9327-94363B82772C} = {800BA467-9154-4ABE-9327-94363B82772C}
	EndProjectSection
EndProject
Project("{FAE04EC0-301F-11D3-BF4B-00C04F79EFBC}") = "_CONFIG", "_CONFIG\_CONFIG.csproj", "{800BA467-9154-4ABE-9327-94363B82772C}"
EndProject
Project("{FAE04EC0-301F-11D3-BF4B-00C04F79EFBC}") = "AES.Visualizer", "AES.Visualizer\AES.Visualizer.csproj", "{922441F9-F8A5-4599-A73E-37462F6CBF3A}"
EndProject
Project("{FAE04EC0-301F-11D3-BF4B-00C04F79EFBC}") = "AES.Test", "AES.Test\AES.Test.csproj", "{BF7C274D-8140-461E-9C73-18A4CB2D5B9F}"
EndProject
Project("{8BC9CEB8-8B4A-11D0-8D11-00A0C91BC942}") = "Stego", "Stego\Stego.vcxproj", "{305FE392-79D0-4C15-BF69-84B7E61384A4}"
EndProject
Global
	GlobalSection(SolutionConfigurationPlatforms) = preSolution
		Debug|Any CPU = Debug|Any CPU
		Debug|x86 = Debug|x86
		Release|Any CPU = Release|Any CPU
		Release|x86 = Release|x86
	EndGlobalSection
	GlobalSection(ProjectConfigurationPlatforms) = postSolution
		{4164AA65-1EF9-4E69-899B-D1BED776070B}.Debug|Any CPU.ActiveCfg = Debug|Win32
		{4164AA65-1EF9-4E69-899B-D1BED776070B}.Debug|Any CPU.Build.0 = Debug|Win32
		{4164AA65-1EF9-4E69-899B-D1BED776070B}.Debug|x86.ActiveCfg = Debug|Win32
		{4164AA65-1EF9-4E69-899B-D1BED776070B}.Debug|x86.Build.0 = Debug|Win32
		{4164AA65-1EF9-4E69-899B-D1BED776070B}.Release|Any CPU.ActiveCfg = Release|Win32
		{4164AA65-1EF9-4E69-899B-D1BED776070B}.Release|x86.ActiveCfg = Release|Win32
		{4164AA65-1EF9-4E69-899B-D1BED776070B}.Release|x86.Build.0 = Release|Win32
		{CA50CFC3-44EE-4104-B449-A36AC9E8D143}.Debug|Any CPU.ActiveCfg = Debug|Any CPU
		{CA50CFC3-44EE-4104-B449-A36AC9E8D143}.Debug|Any CPU.Build.0 = Debug|Any CPU
		{CA50CFC3-44EE-4104-B449-A36AC9E8D143}.Debug|x86.ActiveCfg = Debug|Any CPU
		{CA50CFC3-44EE-4104-B449-A36AC9E8D143}.Debug|x86.Build.0 = Debug|Any CPU
		{CA50CFC3-44EE-4104-B449-A36AC9E8D143}.Release|Any CPU.ActiveCfg = Release|Any CPU
		{CA50CFC3-44EE-4104-B449-A36AC9E8D143}.Release|Any CPU.Build.0 = Release|Any CPU
		{CA50CFC3-44EE-4104-B449-A36AC9E8D143}.Release|x86.ActiveCfg = Release|Any CPU
		{CA50CFC3-44EE-4104-B449-A36AC9E8D143}.Release|x86.Build.0 = Release|Any CPU
		{6C1DEC60-D4F1-4F2A-867D-E0AD0D4C794A}.Debug|Any CPU.ActiveCfg = Debug|Any CPU
		{6C1DEC60-D4F1-4F2A-867D-E0AD0D4C794A}.Debug|Any CPU.Build.0 = Debug|Any CPU
		{6C1DEC60-D4F1-4F2A-867D-E0AD0D4C794A}.Debug|x86.ActiveCfg = Debug|Any CPU
		{6C1DEC60-D4F1-4F2A-867D-E0AD0D4C794A}.Debug|x86.Build.0 = Debug|Any CPU
		{6C1DEC60-D4F1-4F2A-867D-E0AD0D4C794A}.Release|Any CPU.ActiveCfg = Release|Any CPU
		{6C1DEC60-D4F1-4F2A-867D-E0AD0D4C794A}.Release|Any CPU.Build.0 = Release|Any CPU
		{6C1DEC60-D4F1-4F2A-867D-E0AD0D4C794A}.Release|x86.ActiveCfg = Release|Any CPU
		{6C1DEC60-D4F1-4F2A-867D-E0AD0D4C794A}.Release|x86.Build.0 = Release|Any CPU
		{800BA467-9154-4ABE-9327-94363B82772C}.Debug|Any CPU.ActiveCfg = Debug|Any CPU
		{800BA467-9154-4ABE-9327-94363B82772C}.Debug|Any CPU.Build.0 = Debug|Any CPU
		{800BA467-9154-4ABE-9327-94363B82772C}.Debug|x86.ActiveCfg = Debug|Any CPU
		{800BA467-9154-4ABE-9327-94363B82772C}.Debug|x86.Build.0 = Debug|Any CPU
		{800BA467-9154-4ABE-9327-94363B82772C}.Release|Any CPU.ActiveCfg = Release|Any CPU
		{800BA467-9154-4ABE-9327-94363B82772C}.Release|Any CPU.Build.0 = Release|Any CPU
		{800BA467-9154-4ABE-9327-94363B82772C}.Release|x86.ActiveCfg = Release|Any CPU
		{800BA467-9154-4ABE-9327-94363B82772C}.Release|x86.Build.0 = Release|Any CPU
		{922441F9-F8A5-4599-A73E-37462F6CBF3A}.Debug|Any CPU.ActiveCfg = Debug|Any CPU
		{922441F9-F8A5-4599-A73E-37462F6CBF3A}.Debug|Any CPU.Build.0 = Debug|Any CPU
		{922441F9-F8A5-4599-A73E-37462F6CBF3A}.Debug|x86.ActiveCfg = Debug|Any CPU
		{922441F9-F8A5-4599-A73E-37462F6CBF3A}.Debug|x86.Build.0 = Debug|Any CPU
		{922441F9-F8A5-4599-A73E-37462F6CBF3A}.Release|Any CPU.ActiveCfg = Release|Any CPU
		{922441F9-F8A5-4599-A73E-37462F6CBF3A}.Release|Any CPU.Build.0 = Release|Any CPU
		{922441F9-F8A5-4599-A73E-37462F6CBF3A}.Release|x86.ActiveCfg = Release|Any CPU
		{922441F9-F8A5-4599-A73E-37462F6CBF3A}.Release|x86.Build.0 = Release|Any CPU
		{BF7C274D-8140-461E-9C73-18A4CB2D5B9F}.Debug|Any CPU.ActiveCfg = Debug|Any CPU
		{BF7C274D-8140-461E-9C73-18A4CB2D5B9F}.Debug|Any CPU.Build.0 = Debug|Any CPU
		{BF7C274D-8140-461E-9C73-18A4CB2D5B9F}.Debug|x86.ActiveCfg = Debug|Any CPU
		{BF7C274D-8140-461E-9C73-18A4CB2D5B9F}.Debug|x86.Build.0 = Debug|Any CPU
		{BF7C274D-8140-461E-9C73-18A4CB2D5B9F}.Release|Any CPU.ActiveCfg = Release|Any CPU
		{BF7C274D-8140-461E-9C73-18A4CB2D5B9F}.Release|Any CPU.Build.0 = Release|Any CPU
		{BF7C274D-8140-461E-9C73-18A4CB2D5B9F}.Release|x86.ActiveCfg = Release|Any CPU
		{BF7C274D-8140-461E-9C73-18A4CB2D5B9F}.Release|x86.Build.0 = Release|Any CPU
		{305FE392-79D0-4C15-BF69-84B7E61384A4}.Debug|Any CPU.ActiveCfg = Debug|Win32
		{305FE392-79D0-4C15-BF69-84B7E61384A4}.Debug|x86.ActiveCfg = Debug|Win32
		{305FE392-79D0-4C15-BF69-84B7E61384A4}.Debug|x86.Build.0 = Debug|Win32
		{305FE392-79D0-4C15-BF69-84B7E61384A4}.Release|Any CPU.ActiveCfg = Release|Win32
		{305FE392-79D0-4C15-BF69-84B7E61384A4}.Release|x86.ActiveCfg = Release|Win32
		{305FE392-79D0-4C15-BF69-84B7E61384A4}.Release|x86.Build.0 = Release|Win32
	EndGlobalSection
	GlobalSection(SolutionProperties) = preSolution
		HideSolutionNode = FALSE
	EndGlobalSection
	GlobalSection(ExtensibilityGlobals) = postSolution
		SolutionGuid = {B92113F8-FE14-4698-BDCA-CD1BC26BC05D}
	EndGlobalSection
EndGlobal
